// !$*UTF8*$!
{
	archiveVersion = 1;
	classes = {
	};
	objectVersion = 56;
	objects = {

/* Begin PBXBuildFile section */
		F9A583522BAB583300D22F80 /* BuscaCoinApp.swift in Sources */ = {isa = PBXBuildFile; fileRef = F9A583512BAB583300D22F80 /* BuscaCoinApp.swift */; };
		F9A583542BAB583300D22F80 /* ContentView.swift in Sources */ = {isa = PBXBuildFile; fileRef = F9A583532BAB583300D22F80 /* ContentView.swift */; };
		F9A583592BAB583500D22F80 /* Preview Assets.xcassets in Resources */ = {isa = PBXBuildFile; fileRef = F9A583582BAB583500D22F80 /* Preview Assets.xcassets */; };
		F9A583602BAB587300D22F80 /* Assets.xcassets in Resources */ = {isa = PBXBuildFile; fileRef = F9A5835F2BAB587300D22F80 /* Assets.xcassets */; };
		F9A583632BAB638100D22F80 /* Color.swift in Sources */ = {isa = PBXBuildFile; fileRef = F9A583622BAB638100D22F80 /* Color.swift */; };
		F9A583692BAB699A00D22F80 /* HomeView.swift in Sources */ = {isa = PBXBuildFile; fileRef = F9A583682BAB699A00D22F80 /* HomeView.swift */; };
		F9A5836D2BAB6D9500D22F80 /* CircleButtonView.swift in Sources */ = {isa = PBXBuildFile; fileRef = F9A5836C2BAB6D9500D22F80 /* CircleButtonView.swift */; };
		F9AE598C2BB2F84700EB2268 /* CircleButtonAnimationView.swift in Sources */ = {isa = PBXBuildFile; fileRef = F9AE598B2BB2F84700EB2268 /* CircleButtonAnimationView.swift */; };
		F9AE598F2BB300B400EB2268 /* CoinModel.swift in Sources */ = {isa = PBXBuildFile; fileRef = F9AE598E2BB300B400EB2268 /* CoinModel.swift */; };
		F9AE59912BB33CED00EB2268 /* CoinRowView.swift in Sources */ = {isa = PBXBuildFile; fileRef = F9AE59902BB33CED00EB2268 /* CoinRowView.swift */; };
		F9AE59932BB3404800EB2268 /* PreviewProvider.swift in Sources */ = {isa = PBXBuildFile; fileRef = F9AE59922BB3404800EB2268 /* PreviewProvider.swift */; };
		F9AE59952BB34A1300EB2268 /* Date.swift in Sources */ = {isa = PBXBuildFile; fileRef = F9AE59942BB34A1300EB2268 /* Date.swift */; };
		F9AE59972BB34B0600EB2268 /* Double.swift in Sources */ = {isa = PBXBuildFile; fileRef = F9AE59962BB34B0600EB2268 /* Double.swift */; };
		F9AE59992BB4466E00EB2268 /* HomeViewModel.swift in Sources */ = {isa = PBXBuildFile; fileRef = F9AE59982BB4466E00EB2268 /* HomeViewModel.swift */; };
		F9C4C2F42BBC2D73005C5049 /* CoinDataService.swift in Sources */ = {isa = PBXBuildFile; fileRef = F9C4C2F32BBC2D73005C5049 /* CoinDataService.swift */; };
/* End PBXBuildFile section */

/* Begin PBXFileReference section */
		F9A5834E2BAB583300D22F80 /* BuscaCoin.app */ = {isa = PBXFileReference; explicitFileType = wrapper.application; includeInIndex = 0; path = BuscaCoin.app; sourceTree = BUILT_PRODUCTS_DIR; };
		F9A583512BAB583300D22F80 /* BuscaCoinApp.swift */ = {isa = PBXFileReference; lastKnownFileType = sourcecode.swift; path = BuscaCoinApp.swift; sourceTree = "<group>"; };
		F9A583532BAB583300D22F80 /* ContentView.swift */ = {isa = PBXFileReference; lastKnownFileType = sourcecode.swift; path = ContentView.swift; sourceTree = "<group>"; };
		F9A583582BAB583500D22F80 /* Preview Assets.xcassets */ = {isa = PBXFileReference; lastKnownFileType = folder.assetcatalog; path = "Preview Assets.xcassets"; sourceTree = "<group>"; };
		F9A5835F2BAB587300D22F80 /* Assets.xcassets */ = {isa = PBXFileReference; lastKnownFileType = folder.assetcatalog; name = Assets.xcassets; path = ../../../../Resources/Assets.xcassets; sourceTree = "<group>"; };
		F9A583622BAB638100D22F80 /* Color.swift */ = {isa = PBXFileReference; lastKnownFileType = sourcecode.swift; path = Color.swift; sourceTree = "<group>"; };
		F9A583682BAB699A00D22F80 /* HomeView.swift */ = {isa = PBXFileReference; lastKnownFileType = sourcecode.swift; path = HomeView.swift; sourceTree = "<group>"; };
		F9A5836C2BAB6D9500D22F80 /* CircleButtonView.swift */ = {isa = PBXFileReference; lastKnownFileType = sourcecode.swift; path = CircleButtonView.swift; sourceTree = "<group>"; };
		F9AE598B2BB2F84700EB2268 /* CircleButtonAnimationView.swift */ = {isa = PBXFileReference; lastKnownFileType = sourcecode.swift; path = CircleButtonAnimationView.swift; sourceTree = "<group>"; };
		F9AE598E2BB300B400EB2268 /* CoinModel.swift */ = {isa = PBXFileReference; lastKnownFileType = sourcecode.swift; path = CoinModel.swift; sourceTree = "<group>"; };
		F9AE59902BB33CED00EB2268 /* CoinRowView.swift */ = {isa = PBXFileReference; lastKnownFileType = sourcecode.swift; path = CoinRowView.swift; sourceTree = "<group>"; };
		F9AE59922BB3404800EB2268 /* PreviewProvider.swift */ = {isa = PBXFileReference; lastKnownFileType = sourcecode.swift; path = PreviewProvider.swift; sourceTree = "<group>"; };
		F9AE59942BB34A1300EB2268 /* Date.swift */ = {isa = PBXFileReference; lastKnownFileType = sourcecode.swift; path = Date.swift; sourceTree = "<group>"; };
		F9AE59962BB34B0600EB2268 /* Double.swift */ = {isa = PBXFileReference; lastKnownFileType = sourcecode.swift; path = Double.swift; sourceTree = "<group>"; };
		F9AE59982BB4466E00EB2268 /* HomeViewModel.swift */ = {isa = PBXFileReference; lastKnownFileType = sourcecode.swift; path = HomeViewModel.swift; sourceTree = "<group>"; };
		F9C4C2F32BBC2D73005C5049 /* CoinDataService.swift */ = {isa = PBXFileReference; lastKnownFileType = sourcecode.swift; path = CoinDataService.swift; sourceTree = "<group>"; };
/* End PBXFileReference section */

/* Begin PBXFrameworksBuildPhase section */
		F9A5834B2BAB583300D22F80 /* Frameworks */ = {
			isa = PBXFrameworksBuildPhase;
			buildActionMask = 2147483647;
			files = (
			);
			runOnlyForDeploymentPostprocessing = 0;
		};
/* End PBXFrameworksBuildPhase section */

/* Begin PBXGroup section */
		F9A583452BAB583300D22F80 = {
			isa = PBXGroup;
			children = (
				F9A583502BAB583300D22F80 /* BuscaCoin */,
				F9A5834F2BAB583300D22F80 /* Products */,
			);
			sourceTree = "<group>";
		};
		F9A5834F2BAB583300D22F80 /* Products */ = {
			isa = PBXGroup;
			children = (
				F9A5834E2BAB583300D22F80 /* BuscaCoin.app */,
			);
			name = Products;
			sourceTree = "<group>";
		};
		F9A583502BAB583300D22F80 /* BuscaCoin */ = {
			isa = PBXGroup;
			children = (
				F9C4C2F22BBC2D49005C5049 /* Services */,
				F9AE598D2BB3006700EB2268 /* Models */,
				F9A583642BAB694B00D22F80 /* Core */,
				F9A583612BAB61B900D22F80 /* Extensions */,
				F9A583512BAB583300D22F80 /* BuscaCoinApp.swift */,
				F9A583532BAB583300D22F80 /* ContentView.swift */,
				F9A5835F2BAB587300D22F80 /* Assets.xcassets */,
				F9A583572BAB583500D22F80 /* Preview Content */,
			);
			path = BuscaCoin;
			sourceTree = "<group>";
		};
		F9A583572BAB583500D22F80 /* Preview Content */ = {
			isa = PBXGroup;
			children = (
				F9A583582BAB583500D22F80 /* Preview Assets.xcassets */,
			);
			path = "Preview Content";
			sourceTree = "<group>";
		};
		F9A583612BAB61B900D22F80 /* Extensions */ = {
			isa = PBXGroup;
			children = (
				F9A583622BAB638100D22F80 /* Color.swift */,
				F9AE59922BB3404800EB2268 /* PreviewProvider.swift */,
				F9AE59942BB34A1300EB2268 /* Date.swift */,
				F9AE59962BB34B0600EB2268 /* Double.swift */,
			);
			path = Extensions;
			sourceTree = "<group>";
		};
		F9A583642BAB694B00D22F80 /* Core */ = {
			isa = PBXGroup;
			children = (
				F9A5836A2BAB6D5E00D22F80 /* Components */,
				F9A583652BAB695300D22F80 /* Home */,
			);
			path = Core;
			sourceTree = "<group>";
		};
		F9A583652BAB695300D22F80 /* Home */ = {
			isa = PBXGroup;
			children = (
				F9A583672BAB697300D22F80 /* Views */,
				F9A583662BAB696800D22F80 /* ViewModels */,
			);
			path = Home;
			sourceTree = "<group>";
		};
		F9A583662BAB696800D22F80 /* ViewModels */ = {
			isa = PBXGroup;
			children = (
				F9AE59982BB4466E00EB2268 /* HomeViewModel.swift */,
			);
			path = ViewModels;
			sourceTree = "<group>";
		};
		F9A583672BAB697300D22F80 /* Views */ = {
			isa = PBXGroup;
			children = (
				F9A583682BAB699A00D22F80 /* HomeView.swift */,
				F9AE59902BB33CED00EB2268 /* CoinRowView.swift */,
			);
			path = Views;
			sourceTree = "<group>";
		};
		F9A5836A2BAB6D5E00D22F80 /* Components */ = {
			isa = PBXGroup;
			children = (
				F9A5836B2BAB6D6A00D22F80 /* CircleButton */,
			);
			path = Components;
			sourceTree = "<group>";
		};
		F9A5836B2BAB6D6A00D22F80 /* CircleButton */ = {
			isa = PBXGroup;
			children = (
				F9A5836C2BAB6D9500D22F80 /* CircleButtonView.swift */,
				F9AE598B2BB2F84700EB2268 /* CircleButtonAnimationView.swift */,
			);
			path = CircleButton;
			sourceTree = "<group>";
		};
		F9AE598D2BB3006700EB2268 /* Models */ = {
			isa = PBXGroup;
			children = (
				F9AE598E2BB300B400EB2268 /* CoinModel.swift */,
			);
			path = Models;
			sourceTree = "<group>";
		};
		F9C4C2F22BBC2D49005C5049 /* Services */ = {
			isa = PBXGroup;
			children = (
				F9C4C2F32BBC2D73005C5049 /* CoinDataService.swift */,
			);
			path = Services;
			sourceTree = "<group>";
		};
/* End PBXGroup section */

/* Begin PBXNativeTarget section */
		F9A5834D2BAB583300D22F80 /* BuscaCoin */ = {
			isa = PBXNativeTarget;
			buildConfigurationList = F9A5835C2BAB583500D22F80 /* Build configuration list for PBXNativeTarget "BuscaCoin" */;
			buildPhases = (
				F9A5834A2BAB583300D22F80 /* Sources */,
				F9A5834B2BAB583300D22F80 /* Frameworks */,
				F9A5834C2BAB583300D22F80 /* Resources */,
			);
			buildRules = (
			);
			dependencies = (
			);
			name = BuscaCoin;
			productName = BuscaCoin;
			productReference = F9A5834E2BAB583300D22F80 /* BuscaCoin.app */;
			productType = "com.apple.product-type.application";
		};
/* End PBXNativeTarget section */

/* Begin PBXProject section */
		F9A583462BAB583300D22F80 /* Project object */ = {
			isa = PBXProject;
			attributes = {
				BuildIndependentTargetsInParallel = 1;
				LastSwiftUpdateCheck = 1410;
				LastUpgradeCheck = 1410;
				TargetAttributes = {
					F9A5834D2BAB583300D22F80 = {
						CreatedOnToolsVersion = 14.1;
					};
				};
			};
			buildConfigurationList = F9A583492BAB583300D22F80 /* Build configuration list for PBXProject "BuscaCoin" */;
			compatibilityVersion = "Xcode 14.0";
			developmentRegion = en;
			hasScannedForEncodings = 0;
			knownRegions = (
				en,
				Base,
			);
			mainGroup = F9A583452BAB583300D22F80;
			productRefGroup = F9A5834F2BAB583300D22F80 /* Products */;
			projectDirPath = "";
			projectRoot = "";
			targets = (
				F9A5834D2BAB583300D22F80 /* BuscaCoin */,
			);
		};
/* End PBXProject section */

/* Begin PBXResourcesBuildPhase section */
		F9A5834C2BAB583300D22F80 /* Resources */ = {
			isa = PBXResourcesBuildPhase;
			buildActionMask = 2147483647;
			files = (
				F9A583592BAB583500D22F80 /* Preview Assets.xcassets in Resources */,
				F9A583602BAB587300D22F80 /* Assets.xcassets in Resources */,
			);
			runOnlyForDeploymentPostprocessing = 0;
		};
/* End PBXResourcesBuildPhase section */

/* Begin PBXSourcesBuildPhase section */
		F9A5834A2BAB583300D22F80 /* Sources */ = {
			isa = PBXSourcesBuildPhase;
			buildActionMask = 2147483647;
			files = (
				F9AE59912BB33CED00EB2268 /* CoinRowView.swift in Sources */,
				F9AE59952BB34A1300EB2268 /* Date.swift in Sources */,
				F9A583542BAB583300D22F80 /* ContentView.swift in Sources */,
				F9A583692BAB699A00D22F80 /* HomeView.swift in Sources */,
				F9A583522BAB583300D22F80 /* BuscaCoinApp.swift in Sources */,
				F9C4C2F42BBC2D73005C5049 /* CoinDataService.swift in Sources */,
				F9A5836D2BAB6D9500D22F80 /* CircleButtonView.swift in Sources */,
				F9A583632BAB638100D22F80 /* Color.swift in Sources */,
				F9AE59992BB4466E00EB2268 /* HomeViewModel.swift in Sources */,
				F9AE598C2BB2F84700EB2268 /* CircleButtonAnimationView.swift in Sources */,
				F9AE59932BB3404800EB2268 /* PreviewProvider.swift in Sources */,
				F9AE59972BB34B0600EB2268 /* Double.swift in Sources */,
				F9AE598F2BB300B400EB2268 /* CoinModel.swift in Sources */,
			);
			runOnlyForDeploymentPostprocessing = 0;
		};
/* End PBXSourcesBuildPhase section */

/* Begin XCBuildConfiguration section */
		F9A5835A2BAB583500D22F80 /* Debug */ = {
			isa = XCBuildConfiguration;
			buildSettings = {
				ALWAYS_SEARCH_USER_PATHS = NO;
				CLANG_ANALYZER_NONNULL = YES;
				CLANG_ANALYZER_NUMBER_OBJECT_CONVERSION = YES_AGGRESSIVE;
				CLANG_CXX_LANGUAGE_STANDARD = "gnu++20";
				CLANG_ENABLE_MODULES = YES;
				CLANG_ENABLE_OBJC_ARC = YES;
				CLANG_ENABLE_OBJC_WEAK = YES;
				CLANG_WARN_BLOCK_CAPTURE_AUTORELEASING = YES;
				CLANG_WARN_BOOL_CONVERSION = YES;
				CLANG_WARN_COMMA = YES;
				CLANG_WARN_CONSTANT_CONVERSION = YES;
				CLANG_WARN_DEPRECATED_OBJC_IMPLEMENTATIONS = YES;
				CLANG_WARN_DIRECT_OBJC_ISA_USAGE = YES_ERROR;
				CLANG_WARN_DOCUMENTATION_COMMENTS = YES;
				CLANG_WARN_EMPTY_BODY = YES;
				CLANG_WARN_ENUM_CONVERSION = YES;
				CLANG_WARN_INFINITE_RECURSION = YES;
				CLANG_WARN_INT_CONVERSION = YES;
				CLANG_WARN_NON_LITERAL_NULL_CONVERSION = YES;
				CLANG_WARN_OBJC_IMPLICIT_RETAIN_SELF = YES;
				CLANG_WARN_OBJC_LITERAL_CONVERSION = YES;
				CLANG_WARN_OBJC_ROOT_CLASS = YES_ERROR;
				CLANG_WARN_QUOTED_INCLUDE_IN_FRAMEWORK_HEADER = YES;
				CLANG_WARN_RANGE_LOOP_ANALYSIS = YES;
				CLANG_WARN_STRICT_PROTOTYPES = YES;
				CLANG_WARN_SUSPICIOUS_MOVE = YES;
				CLANG_WARN_UNGUARDED_AVAILABILITY = YES_AGGRESSIVE;
				CLANG_WARN_UNREACHABLE_CODE = YES;
				CLANG_WARN__DUPLICATE_METHOD_MATCH = YES;
				COPY_PHASE_STRIP = NO;
				DEBUG_INFORMATION_FORMAT = dwarf;
				ENABLE_STRICT_OBJC_MSGSEND = YES;
				ENABLE_TESTABILITY = YES;
				GCC_C_LANGUAGE_STANDARD = gnu11;
				GCC_DYNAMIC_NO_PIC = NO;
				GCC_NO_COMMON_BLOCKS = YES;
				GCC_OPTIMIZATION_LEVEL = 0;
				GCC_PREPROCESSOR_DEFINITIONS = (
					"DEBUG=1",
					"$(inherited)",
				);
				GCC_WARN_64_TO_32_BIT_CONVERSION = YES;
				GCC_WARN_ABOUT_RETURN_TYPE = YES_ERROR;
				GCC_WARN_UNDECLARED_SELECTOR = YES;
				GCC_WARN_UNINITIALIZED_AUTOS = YES_AGGRESSIVE;
				GCC_WARN_UNUSED_FUNCTION = YES;
				GCC_WARN_UNUSED_VARIABLE = YES;
				IPHONEOS_DEPLOYMENT_TARGET = 16.1;
				MTL_ENABLE_DEBUG_INFO = INCLUDE_SOURCE;
				MTL_FAST_MATH = YES;
				ONLY_ACTIVE_ARCH = YES;
				SDKROOT = iphoneos;
				SWIFT_ACTIVE_COMPILATION_CONDITIONS = DEBUG;
				SWIFT_OPTIMIZATION_LEVEL = "-Onone";
			};
			name = Debug;
		};
		F9A5835B2BAB583500D22F80 /* Release */ = {
			isa = XCBuildConfiguration;
			buildSettings = {
				ALWAYS_SEARCH_USER_PATHS = NO;
				CLANG_ANALYZER_NONNULL = YES;
				CLANG_ANALYZER_NUMBER_OBJECT_CONVERSION = YES_AGGRESSIVE;
				CLANG_CXX_LANGUAGE_STANDARD = "gnu++20";
				CLANG_ENABLE_MODULES = YES;
				CLANG_ENABLE_OBJC_ARC = YES;
				CLANG_ENABLE_OBJC_WEAK = YES;
				CLANG_WARN_BLOCK_CAPTURE_AUTORELEASING = YES;
				CLANG_WARN_BOOL_CONVERSION = YES;
				CLANG_WARN_COMMA = YES;
				CLANG_WARN_CONSTANT_CONVERSION = YES;
				CLANG_WARN_DEPRECATED_OBJC_IMPLEMENTATIONS = YES;
				CLANG_WARN_DIRECT_OBJC_ISA_USAGE = YES_ERROR;
				CLANG_WARN_DOCUMENTATION_COMMENTS = YES;
				CLANG_WARN_EMPTY_BODY = YES;
				CLANG_WARN_ENUM_CONVERSION = YES;
				CLANG_WARN_INFINITE_RECURSION = YES;
				CLANG_WARN_INT_CONVERSION = YES;
				CLANG_WARN_NON_LITERAL_NULL_CONVERSION = YES;
				CLANG_WARN_OBJC_IMPLICIT_RETAIN_SELF = YES;
				CLANG_WARN_OBJC_LITERAL_CONVERSION = YES;
				CLANG_WARN_OBJC_ROOT_CLASS = YES_ERROR;
				CLANG_WARN_QUOTED_INCLUDE_IN_FRAMEWORK_HEADER = YES;
				CLANG_WARN_RANGE_LOOP_ANALYSIS = YES;
				CLANG_WARN_STRICT_PROTOTYPES = YES;
				CLANG_WARN_SUSPICIOUS_MOVE = YES;
				CLANG_WARN_UNGUARDED_AVAILABILITY = YES_AGGRESSIVE;
				CLANG_WARN_UNREACHABLE_CODE = YES;
				CLANG_WARN__DUPLICATE_METHOD_MATCH = YES;
				COPY_PHASE_STRIP = NO;
				DEBUG_INFORMATION_FORMAT = "dwarf-with-dsym";
				ENABLE_NS_ASSERTIONS = NO;
				ENABLE_STRICT_OBJC_MSGSEND = YES;
				GCC_C_LANGUAGE_STANDARD = gnu11;
				GCC_NO_COMMON_BLOCKS = YES;
				GCC_WARN_64_TO_32_BIT_CONVERSION = YES;
				GCC_WARN_ABOUT_RETURN_TYPE = YES_ERROR;
				GCC_WARN_UNDECLARED_SELECTOR = YES;
				GCC_WARN_UNINITIALIZED_AUTOS = YES_AGGRESSIVE;
				GCC_WARN_UNUSED_FUNCTION = YES;
				GCC_WARN_UNUSED_VARIABLE = YES;
				IPHONEOS_DEPLOYMENT_TARGET = 16.1;
				MTL_ENABLE_DEBUG_INFO = NO;
				MTL_FAST_MATH = YES;
				SDKROOT = iphoneos;
				SWIFT_COMPILATION_MODE = wholemodule;
				SWIFT_OPTIMIZATION_LEVEL = "-O";
				VALIDATE_PRODUCT = YES;
			};
			name = Release;
		};
		F9A5835D2BAB583500D22F80 /* Debug */ = {
			isa = XCBuildConfiguration;
			buildSettings = {
				ASSETCATALOG_COMPILER_APPICON_NAME = AppIcon;
				ASSETCATALOG_COMPILER_GLOBAL_ACCENT_COLOR_NAME = AccentColor;
				CODE_SIGN_STYLE = Automatic;
				CURRENT_PROJECT_VERSION = 1;
				DEVELOPMENT_ASSET_PATHS = "\"BuscaCoin/Preview Content\"";
				DEVELOPMENT_TEAM = V5644P74A6;
				ENABLE_PREVIEWS = YES;
				GENERATE_INFOPLIST_FILE = YES;
				INFOPLIST_KEY_LSApplicationCategoryType = "public.app-category.finance";
				INFOPLIST_KEY_UIApplicationSceneManifest_Generation = YES;
				INFOPLIST_KEY_UIApplicationSupportsIndirectInputEvents = YES;
				INFOPLIST_KEY_UILaunchScreen_Generation = YES;
				INFOPLIST_KEY_UISupportedInterfaceOrientations = UIInterfaceOrientationPortrait;
				LD_RUNPATH_SEARCH_PATHS = (
					"$(inherited)",
					"@executable_path/Frameworks",
				);
				MARKETING_VERSION = 1.0;
				PRODUCT_BUNDLE_IDENTIFIER = welliton.BuscaCoin;
				PRODUCT_NAME = "$(TARGET_NAME)";
				SWIFT_EMIT_LOC_STRINGS = YES;
				SWIFT_VERSION = 5.0;
				TARGETED_DEVICE_FAMILY = "1,2";
			};
			name = Debug;
		};
		F9A5835E2BAB583500D22F80 /* Release */ = {
			isa = XCBuildConfiguration;
			buildSettings = {
				ASSETCATALOG_COMPILER_APPICON_NAME = AppIcon;
				ASSETCATALOG_COMPILER_GLOBAL_ACCENT_COLOR_NAME = AccentColor;
				CODE_SIGN_STYLE = Automatic;
				CURRENT_PROJECT_VERSION = 1;
				DEVELOPMENT_ASSET_PATHS = "\"BuscaCoin/Preview Content\"";
				DEVELOPMENT_TEAM = V5644P74A6;
				ENABLE_PREVIEWS = YES;
				GENERATE_INFOPLIST_FILE = YES;
				INFOPLIST_KEY_LSApplicationCategoryType = "public.app-category.finance";
				INFOPLIST_KEY_UIApplicationSceneManifest_Generation = YES;
				INFOPLIST_KEY_UIApplicationSupportsIndirectInputEvents = YES;
				INFOPLIST_KEY_UILaunchScreen_Generation = YES;
				INFOPLIST_KEY_UISupportedInterfaceOrientations = UIInterfaceOrientationPortrait;
				LD_RUNPATH_SEARCH_PATHS = (
					"$(inherited)",
					"@executable_path/Frameworks",
				);
				MARKETING_VERSION = 1.0;
				PRODUCT_BUNDLE_IDENTIFIER = welliton.BuscaCoin;
				PRODUCT_NAME = "$(TARGET_NAME)";
				SWIFT_EMIT_LOC_STRINGS = YES;
				SWIFT_VERSION = 5.0;
				TARGETED_DEVICE_FAMILY = "1,2";
			};
			name = Release;
		};
/* End XCBuildConfiguration section */

/* Begin XCConfigurationList section */
		F9A583492BAB583300D22F80 /* Build configuration list for PBXProject "BuscaCoin" */ = {
			isa = XCConfigurationList;
			buildConfigurations = (
				F9A5835A2BAB583500D22F80 /* Debug */,
				F9A5835B2BAB583500D22F80 /* Release */,
			);
			defaultConfigurationIsVisible = 0;
			defaultConfigurationName = Release;
		};
		F9A5835C2BAB583500D22F80 /* Build configuration list for PBXNativeTarget "BuscaCoin" */ = {
			isa = XCConfigurationList;
			buildConfigurations = (
				F9A5835D2BAB583500D22F80 /* Debug */,
				F9A5835E2BAB583500D22F80 /* Release */,
			);
			defaultConfigurationIsVisible = 0;
			defaultConfigurationName = Release;
		};
/* End XCConfigurationList section */
	};
	rootObject = F9A583462BAB583300D22F80 /* Project object */;
}
